
Microsoft Visual Studio Solution File, Format Version 12.00
# Visual Studio Version 16
VisualStudioVersion = 16.0.29905.134
MinimumVisualStudioVersion = 10.0.40219.1
Project("{FAE04EC0-301F-11D3-BF4B-00C04F79EFBC}") = "UserEntity", "UserEntity.csproj", "{0619B5E4-4464-40E2-94D2-9177A2FD330F}"
EndProject
Global
	GlobalSection(SolutionConfigurationPlatforms) = preSolution
		Debug|Any CPU = Debug|Any CPU
		Release|Any CPU = Release|Any CPU
	EndGlobalSection
	GlobalSection(ProjectConfigurationPlatforms) = postSolution
		{0619B5E4-4464-40E2-94D2-9177A2FD330F}.Debug|Any CPU.ActiveCfg = Debug|Any CPU
		{0619B5E4-4464-40E2-94D2-9177A2FD330F}.Debug|Any CPU.Build.0 = Debug|Any CPU
		{0619B5E4-4464-40E2-94D2-9177A2FD330F}.Release|Any CPU.ActiveCfg = Release|Any CPU
		{0619B5E4-4464-40E2-94D2-9177A2FD330F}.Release|Any CPU.Build.0 = Release|Any CPU
	EndGlobalSection
	GlobalSection(SolutionProperties) = preSolution
		HideSolutionNode = FALSE
	EndGlobalSection
	GlobalSection(ExtensibilityGlobals) = postSolution
		SolutionGuid = {7198AF00-572E-46C9-AF7B-1E6FA6AA7E6D}
	EndGlobalSection
EndGlobal
